
Microsoft Visual Studio Solution File, Format Version 12.00
# Visual Studio Version 17
VisualStudioVersion = 17.7.34003.232
MinimumVisualStudioVersion = 10.0.40219.1
Project("{FAE04EC0-301F-11D3-BF4B-00C04F79EFBC}") = "OW", "OW\OW.csproj", "{F2F922C5-9763-4040-BFBA-215A1A069BA0}"
EndProject
Global
	GlobalSection(SolutionConfigurationPlatforms) = preSolution
		Debug|Any CPU = Debug|Any CPU
		Release|Any CPU = Release|Any CPU
	EndGlobalSection
	GlobalSection(ProjectConfigurationPlatforms) = postSolution
		{F2F922C5-9763-4040-BFBA-215A1A069BA0}.Debug|Any CPU.ActiveCfg = Debug|Any CPU
		{F2F922C5-9763-4040-BFBA-215A1A069BA0}.Debug|Any CPU.Build.0 = Debug|Any CPU
		{F2F922C5-9763-4040-BFBA-215A1A069BA0}.Release|Any CPU.ActiveCfg = Release|Any CPU
		{F2F922C5-9763-4040-BFBA-215A1A069BA0}.Release|Any CPU.Build.0 = Release|Any CPU
	EndGlobalSection
	GlobalSection(SolutionProperties) = preSolution
		HideSolutionNode = FALSE
	EndGlobalSection
	GlobalSection(ExtensibilityGlobals) = postSolution
		SolutionGuid = {F4CEB2C6-B00F-4465-8253-B85FA5CA182F}
	EndGlobalSection
EndGlobal
